PODS:
  - Alamofire (5.4.4)
  - AlamofireImage (4.2.0):
    - Alamofire (~> 5.4)
  - NVActivityIndicatorView (4.6.1):
    - NVActivityIndicatorView/Presenter (= 4.6.1)
  - NVActivityIndicatorView/Presenter (4.6.1)
  - ReachabilitySwift (3)
  - Toast-Swift (5.0.1)

DEPENDENCIES:
  - Alamofire (~> 5.4)
  - AlamofireImage (~> 4.1)
  - NVActivityIndicatorView (= 4.6.1)
  - ReachabilitySwift (= 3)
  - Toast-Swift (~> 5.0.0)

SPEC REPOS:
  trunk:
    - Alamofire
    - AlamofireImage
    - NVActivityIndicatorView
    - ReachabilitySwift
    - Toast-Swift

SPEC CHECKSUMS:
  Alamofire: f3b09a368f1582ab751b3fff5460276e0d2cf5c9
  AlamofireImage: 34a2d90b0e5fe6a5605f85ae4b7b01e784c60192
  NVActivityIndicatorView: 4ca19fccc84595a78957336a086d00a49be6ce61
  ReachabilitySwift: f5b9bb30a0777fac8f09ce8b067e32faeb29bb64
  Toast-Swift: 9b6a70f28b3bf0b96c40d46c0c4b9d6639846711

PODFILE CHECKSUM: 11c8c88aa6c04d1ad8c856ad4d11ac21b1744afe

COCOAPODS: 1.11.0
